
Microsoft Visual Studio Solution File, Format Version 12.00
# Visual Studio Version 17
VisualStudioVersion = 17.4.33213.308
MinimumVisualStudioVersion = 10.0.40219.1
Project("{9A19103F-16F7-4668-BE54-9A1E7A4F7556}") = "SqsPublisher", "SqsPublisher\SqsPublisher.csproj", "{B88A49FE-4835-487C-974F-760809FDF132}"
EndProject
Project("{9A19103F-16F7-4668-BE54-9A1E7A4F7556}") = "SqsConsumer", "SqsConsumer\SqsConsumer.csproj", "{6C385684-6906-43C8-BFDD-C60FD103189C}"
EndProject
Project("{9A19103F-16F7-4668-BE54-9A1E7A4F7556}") = "Customers.Api", "Customers.Api\Customers.Api.csproj", "{EB666946-DA54-4B2A-BC3A-9EBB942C82A7}"
EndProject
Project("{FAE04EC0-301F-11D3-BF4B-00C04F79EFBC}") = "Customers.Consumer", "Customers.Consumer\Customers.Consumer.csproj", "{69DA09FE-26FC-4C7A-AC4A-9A43B0933C7A}"
EndProject
Global
	GlobalSection(SolutionConfigurationPlatforms) = preSolution
		Debug|Any CPU = Debug|Any CPU
		Release|Any CPU = Release|Any CPU
	EndGlobalSection
	GlobalSection(ProjectConfigurationPlatforms) = postSolution
		{B88A49FE-4835-487C-974F-760809FDF132}.Debug|Any CPU.ActiveCfg = Debug|Any CPU
		{B88A49FE-4835-487C-974F-760809FDF132}.Debug|Any CPU.Build.0 = Debug|Any CPU
		{B88A49FE-4835-487C-974F-760809FDF132}.Release|Any CPU.ActiveCfg = Release|Any CPU
		{B88A49FE-4835-487C-974F-760809FDF132}.Release|Any CPU.Build.0 = Release|Any CPU
		{6C385684-6906-43C8-BFDD-C60FD103189C}.Debug|Any CPU.ActiveCfg = Debug|Any CPU
		{6C385684-6906-43C8-BFDD-C60FD103189C}.Debug|Any CPU.Build.0 = Debug|Any CPU
		{6C385684-6906-43C8-BFDD-C60FD103189C}.Release|Any CPU.ActiveCfg = Release|Any CPU
		{6C385684-6906-43C8-BFDD-C60FD103189C}.Release|Any CPU.Build.0 = Release|Any CPU
		{EB666946-DA54-4B2A-BC3A-9EBB942C82A7}.Debug|Any CPU.ActiveCfg = Debug|Any CPU
		{EB666946-DA54-4B2A-BC3A-9EBB942C82A7}.Debug|Any CPU.Build.0 = Debug|Any CPU
		{EB666946-DA54-4B2A-BC3A-9EBB942C82A7}.Release|Any CPU.ActiveCfg = Release|Any CPU
		{EB666946-DA54-4B2A-BC3A-9EBB942C82A7}.Release|Any CPU.Build.0 = Release|Any CPU
		{69DA09FE-26FC-4C7A-AC4A-9A43B0933C7A}.Debug|Any CPU.ActiveCfg = Debug|Any CPU
		{69DA09FE-26FC-4C7A-AC4A-9A43B0933C7A}.Debug|Any CPU.Build.0 = Debug|Any CPU
		{69DA09FE-26FC-4C7A-AC4A-9A43B0933C7A}.Release|Any CPU.ActiveCfg = Release|Any CPU
		{69DA09FE-26FC-4C7A-AC4A-9A43B0933C7A}.Release|Any CPU.Build.0 = Release|Any CPU
	EndGlobalSection
	GlobalSection(SolutionProperties) = preSolution
		HideSolutionNode = FALSE
	EndGlobalSection
	GlobalSection(ExtensibilityGlobals) = postSolution
		SolutionGuid = {6415F6BA-C7F2-4A0B-9F28-1240FC6A076A}
	EndGlobalSection
EndGlobal
